// !$*UTF8*$!
{
	archiveVersion = 1;
	classes = {
	};
	objectVersion = 55;
	objects = {

/* Begin PBXBuildFile section */
		F88DCEDE28E2AA2800FC3BCB /* AppDelegate.swift in Sources */ = {isa = PBXBuildFile; fileRef = F88DCEDD28E2AA2800FC3BCB /* AppDelegate.swift */; };
		F88DCEE028E2AA2800FC3BCB /* SceneDelegate.swift in Sources */ = {isa = PBXBuildFile; fileRef = F88DCEDF28E2AA2800FC3BCB /* SceneDelegate.swift */; };
		F88DCEE228E2AA2800FC3BCB /* ViewController.swift in Sources */ = {isa = PBXBuildFile; fileRef = F88DCEE128E2AA2800FC3BCB /* ViewController.swift */; };
		F88DCEE528E2AA2800FC3BCB /* Main.storyboard in Resources */ = {isa = PBXBuildFile; fileRef = F88DCEE328E2AA2800FC3BCB /* Main.storyboard */; };
		F88DCEE728E2AA2800FC3BCB /* Assets.xcassets in Resources */ = {isa = PBXBuildFile; fileRef = F88DCEE628E2AA2800FC3BCB /* Assets.xcassets */; };
		F88DCEEA28E2AA2800FC3BCB /* LaunchScreen.storyboard in Resources */ = {isa = PBXBuildFile; fileRef = F88DCEE828E2AA2800FC3BCB /* LaunchScreen.storyboard */; };
		F88DCEF528E2AA2800FC3BCB /* WeatherAppTests.swift in Sources */ = {isa = PBXBuildFile; fileRef = F88DCEF428E2AA2800FC3BCB /* WeatherAppTests.swift */; };
		F88DCEFF28E2AA2800FC3BCB /* WeatherAppUITests.swift in Sources */ = {isa = PBXBuildFile; fileRef = F88DCEFE28E2AA2800FC3BCB /* WeatherAppUITests.swift */; };
		F88DCF0128E2AA2800FC3BCB /* WeatherAppUITestsLaunchTests.swift in Sources */ = {isa = PBXBuildFile; fileRef = F88DCF0028E2AA2800FC3BCB /* WeatherAppUITestsLaunchTests.swift */; };
/* End PBXBuildFile section */

/* Begin PBXContainerItemProxy section */
		F88DCEF128E2AA2800FC3BCB /* PBXContainerItemProxy */ = {
			isa = PBXContainerItemProxy;
			containerPortal = F88DCED228E2AA2800FC3BCB /* Project object */;
			proxyType = 1;
			remoteGlobalIDString = F88DCED928E2AA2800FC3BCB;
			remoteInfo = WeatherApp;
		};
		F88DCEFB28E2AA2800FC3BCB /* PBXContainerItemProxy */ = {
			isa = PBXContainerItemProxy;
			containerPortal = F88DCED228E2AA2800FC3BCB /* Project object */;
			proxyType = 1;
			remoteGlobalIDString = F88DCED928E2AA2800FC3BCB;
			remoteInfo = WeatherApp;
		};
/* End PBXContainerItemProxy section */

/* Begin PBXFileReference section */
		F88DCEDA28E2AA2800FC3BCB /* WeatherApp.app */ = {isa = PBXFileReference; explicitFileType = wrapper.application; includeInIndex = 0; path = WeatherApp.app; sourceTree = BUILT_PRODUCTS_DIR; };
		F88DCEDD28E2AA2800FC3BCB /* AppDelegate.swift */ = {isa = PBXFileReference; lastKnownFileType = sourcecode.swift; path = AppDelegate.swift; sourceTree = "<group>"; };
		F88DCEDF28E2AA2800FC3BCB /* SceneDelegate.swift */ = {isa = PBXFileReference; lastKnownFileType = sourcecode.swift; path = SceneDelegate.swift; sourceTree = "<group>"; };
		F88DCEE128E2AA2800FC3BCB /* ViewController.swift */ = {isa = PBXFileReference; lastKnownFileType = sourcecode.swift; path = ViewController.swift; sourceTree = "<group>"; };
		F88DCEE428E2AA2800FC3BCB /* Base */ = {isa = PBXFileReference; lastKnownFileType = file.storyboard; name = Base; path = Base.lproj/Main.storyboard; sourceTree = "<group>"; };
		F88DCEE628E2AA2800FC3BCB /* Assets.xcassets */ = {isa = PBXFileReference; lastKnownFileType = folder.assetcatalog; path = Assets.xcassets; sourceTree = "<group>"; };
		F88DCEE928E2AA2800FC3BCB /* Base */ = {isa = PBXFileReference; lastKnownFileType = file.storyboard; name = Base; path = Base.lproj/LaunchScreen.storyboard; sourceTree = "<group>"; };
		F88DCEEB28E2AA2800FC3BCB /* Info.plist */ = {isa = PBXFileReference; lastKnownFileType = text.plist.xml; path = Info.plist; sourceTree = "<group>"; };
		F88DCEF028E2AA2800FC3BCB /* WeatherAppTests.xctest */ = {isa = PBXFileReference; explicitFileType = wrapper.cfbundle; includeInIndex = 0; path = WeatherAppTests.xctest; sourceTree = BUILT_PRODUCTS_DIR; };
		F88DCEF428E2AA2800FC3BCB /* WeatherAppTests.swift */ = {isa = PBXFileReference; lastKnownFileType = sourcecode.swift; path = WeatherAppTests.swift; sourceTree = "<group>"; };
		F88DCEFA28E2AA2800FC3BCB /* WeatherAppUITests.xctest */ = {isa = PBXFileReference; explicitFileType = wrapper.cfbundle; includeInIndex = 0; path = WeatherAppUITests.xctest; sourceTree = BUILT_PRODUCTS_DIR; };
		F88DCEFE28E2AA2800FC3BCB /* WeatherAppUITests.swift */ = {isa = PBXFileReference; lastKnownFileType = sourcecode.swift; path = WeatherAppUITests.swift; sourceTree = "<group>"; };
		F88DCF0028E2AA2800FC3BCB /* WeatherAppUITestsLaunchTests.swift */ = {isa = PBXFileReference; lastKnownFileType = sourcecode.swift; path = WeatherAppUITestsLaunchTests.swift; sourceTree = "<group>"; };
/* End PBXFileReference section */

/* Begin PBXFrameworksBuildPhase section */
		F88DCED728E2AA2800FC3BCB /* Frameworks */ = {
			isa = PBXFrameworksBuildPhase;
			buildActionMask = 2147483647;
			files = (
			);
			runOnlyForDeploymentPostprocessing = 0;
		};
		F88DCEED28E2AA2800FC3BCB /* Frameworks */ = {
			isa = PBXFrameworksBuildPhase;
			buildActionMask = 2147483647;
			files = (
			);
			runOnlyForDeploymentPostprocessing = 0;
		};
		F88DCEF728E2AA2800FC3BCB /* Frameworks */ = {
			isa = PBXFrameworksBuildPhase;
			buildActionMask = 2147483647;
			files = (
			);
			runOnlyForDeploymentPostprocessing = 0;
		};
/* End PBXFrameworksBuildPhase section */

/* Begin PBXGroup section */
		F88DCED128E2AA2800FC3BCB = {
			isa = PBXGroup;
			children = (
				F88DCEDC28E2AA2800FC3BCB /* WeatherApp */,
				F88DCEF328E2AA2800FC3BCB /* WeatherAppTests */,
				F88DCEFD28E2AA2800FC3BCB /* WeatherAppUITests */,
				F88DCEDB28E2AA2800FC3BCB /* Products */,
			);
			sourceTree = "<group>";
		};
		F88DCEDB28E2AA2800FC3BCB /* Products */ = {
			isa = PBXGroup;
			children = (
				F88DCEDA28E2AA2800FC3BCB /* WeatherApp.app */,
				F88DCEF028E2AA2800FC3BCB /* WeatherAppTests.xctest */,
				F88DCEFA28E2AA2800FC3BCB /* WeatherAppUITests.xctest */,
			);
			name = Products;
			sourceTree = "<group>";
		};
		F88DCEDC28E2AA2800FC3BCB /* WeatherApp */ = {
			isa = PBXGroup;
			children = (
				F88DCEDD28E2AA2800FC3BCB /* AppDelegate.swift */,
				F88DCEDF28E2AA2800FC3BCB /* SceneDelegate.swift */,
				F88DCEE128E2AA2800FC3BCB /* ViewController.swift */,
				F88DCEE328E2AA2800FC3BCB /* Main.storyboard */,
				F88DCEE628E2AA2800FC3BCB /* Assets.xcassets */,
				F88DCEE828E2AA2800FC3BCB /* LaunchScreen.storyboard */,
				F88DCEEB28E2AA2800FC3BCB /* Info.plist */,
			);
			path = WeatherApp;
			sourceTree = "<group>";
		};
		F88DCEF328E2AA2800FC3BCB /* WeatherAppTests */ = {
			isa = PBXGroup;
			children = (
				F88DCEF428E2AA2800FC3BCB /* WeatherAppTests.swift */,
			);
			path = WeatherAppTests;
			sourceTree = "<group>";
		};
		F88DCEFD28E2AA2800FC3BCB /* WeatherAppUITests */ = {
			isa = PBXGroup;
			children = (
				F88DCEFE28E2AA2800FC3BCB /* WeatherAppUITests.swift */,
				F88DCF0028E2AA2800FC3BCB /* WeatherAppUITestsLaunchTests.swift */,
			);
			path = WeatherAppUITests;
			sourceTree = "<group>";
		};
/* End PBXGroup section */

/* Begin PBXNativeTarget section */
		F88DCED928E2AA2800FC3BCB /* WeatherApp */ = {
			isa = PBXNativeTarget;
			buildConfigurationList = F88DCF0428E2AA2800FC3BCB /* Build configuration list for PBXNativeTarget "WeatherApp" */;
			buildPhases = (
				F88DCED628E2AA2800FC3BCB /* Sources */,
				F88DCED728E2AA2800FC3BCB /* Frameworks */,
				F88DCED828E2AA2800FC3BCB /* Resources */,
			);
			buildRules = (
			);
			dependencies = (
			);
			name = WeatherApp;
			productName = WeatherApp;
			productReference = F88DCEDA28E2AA2800FC3BCB /* WeatherApp.app */;
			productType = "com.apple.product-type.application";
		};
		F88DCEEF28E2AA2800FC3BCB /* WeatherAppTests */ = {
			isa = PBXNativeTarget;
			buildConfigurationList = F88DCF0728E2AA2800FC3BCB /* Build configuration list for PBXNativeTarget "WeatherAppTests" */;
			buildPhases = (
				F88DCEEC28E2AA2800FC3BCB /* Sources */,
				F88DCEED28E2AA2800FC3BCB /* Frameworks */,
				F88DCEEE28E2AA2800FC3BCB /* Resources */,
			);
			buildRules = (
			);
			dependencies = (
				F88DCEF228E2AA2800FC3BCB /* PBXTargetDependency */,
			);
			name = WeatherAppTests;
			productName = WeatherAppTests;
			productReference = F88DCEF028E2AA2800FC3BCB /* WeatherAppTests.xctest */;
			productType = "com.apple.product-type.bundle.unit-test";
		};
		F88DCEF928E2AA2800FC3BCB /* WeatherAppUITests */ = {
			isa = PBXNativeTarget;
			buildConfigurationList = F88DCF0A28E2AA2800FC3BCB /* Build configuration list for PBXNativeTarget "WeatherAppUITests" */;
			buildPhases = (
				F88DCEF628E2AA2800FC3BCB /* Sources */,
				F88DCEF728E2AA2800FC3BCB /* Frameworks */,
				F88DCEF828E2AA2800FC3BCB /* Resources */,
			);
			buildRules = (
			);
			dependencies = (
				F88DCEFC28E2AA2800FC3BCB /* PBXTargetDependency */,
			);
			name = WeatherAppUITests;
			productName = WeatherAppUITests;
			productReference = F88DCEFA28E2AA2800FC3BCB /* WeatherAppUITests.xctest */;
			productType = "com.apple.product-type.bundle.ui-testing";
		};
/* End PBXNativeTarget section */

/* Begin PBXProject section */
		F88DCED228E2AA2800FC3BCB /* Project object */ = {
			isa = PBXProject;
			attributes = {
				BuildIndependentTargetsInParallel = 1;
				LastSwiftUpdateCheck = 1340;
				LastUpgradeCheck = 1340;
				TargetAttributes = {
					F88DCED928E2AA2800FC3BCB = {
						CreatedOnToolsVersion = 13.4.1;
					};
					F88DCEEF28E2AA2800FC3BCB = {
						CreatedOnToolsVersion = 13.4.1;
						TestTargetID = F88DCED928E2AA2800FC3BCB;
					};
					F88DCEF928E2AA2800FC3BCB = {
						CreatedOnToolsVersion = 13.4.1;
						TestTargetID = F88DCED928E2AA2800FC3BCB;
					};
				};
			};
			buildConfigurationList = F88DCED528E2AA2800FC3BCB /* Build configuration list for PBXProject "WeatherApp" */;
			compatibilityVersion = "Xcode 13.0";
			developmentRegion = en;
			hasScannedForEncodings = 0;
			knownRegions = (
				en,
				Base,
			);
			mainGroup = F88DCED128E2AA2800FC3BCB;
			productRefGroup = F88DCEDB28E2AA2800FC3BCB /* Products */;
			projectDirPath = "";
			projectRoot = "";
			targets = (
				F88DCED928E2AA2800FC3BCB /* WeatherApp */,
				F88DCEEF28E2AA2800FC3BCB /* WeatherAppTests */,
				F88DCEF928E2AA2800FC3BCB /* WeatherAppUITests */,
			);
		};
/* End PBXProject section */

/* Begin PBXResourcesBuildPhase section */
		F88DCED828E2AA2800FC3BCB /* Resources */ = {
			isa = PBXResourcesBuildPhase;
			buildActionMask = 2147483647;
			files = (
				F88DCEEA28E2AA2800FC3BCB /* LaunchScreen.storyboard in Resources */,
				F88DCEE728E2AA2800FC3BCB /* Assets.xcassets in Resources */,
				F88DCEE528E2AA2800FC3BCB /* Main.storyboard in Resources */,
			);
			runOnlyForDeploymentPostprocessing = 0;
		};
		F88DCEEE28E2AA2800FC3BCB /* Resources */ = {
			isa = PBXResourcesBuildPhase;
			buildActionMask = 2147483647;
			files = (
			);
			runOnlyForDeploymentPostprocessing = 0;
		};
		F88DCEF828E2AA2800FC3BCB /* Resources */ = {
			isa = PBXResourcesBuildPhase;
			buildActionMask = 2147483647;
			files = (
			);
			runOnlyForDeploymentPostprocessing = 0;
		};
/* End PBXResourcesBuildPhase section */

/* Begin PBXSourcesBuildPhase section */
		F88DCED628E2AA2800FC3BCB /* Sources */ = {
			isa = PBXSourcesBuildPhase;
			buildActionMask = 2147483647;
			files = (
				F88DCEE228E2AA2800FC3BCB /* ViewController.swift in Sources */,
				F88DCEDE28E2AA2800FC3BCB /* AppDelegate.swift in Sources */,
				F88DCEE028E2AA2800FC3BCB /* SceneDelegate.swift in Sources */,
			);
			runOnlyForDeploymentPostprocessing = 0;
		};
		F88DCEEC28E2AA2800FC3BCB /* Sources */ = {
			isa = PBXSourcesBuildPhase;
			buildActionMask = 2147483647;
			files = (
				F88DCEF528E2AA2800FC3BCB /* WeatherAppTests.swift in Sources */,
			);
			runOnlyForDeploymentPostprocessing = 0;
		};
		F88DCEF628E2AA2800FC3BCB /* Sources */ = {
			isa = PBXSourcesBuildPhase;
			buildActionMask = 2147483647;
			files = (
				F88DCEFF28E2AA2800FC3BCB /* WeatherAppUITests.swift in Sources */,
				F88DCF0128E2AA2800FC3BCB /* WeatherAppUITestsLaunchTests.swift in Sources */,
			);
			runOnlyForDeploymentPostprocessing = 0;
		};
/* End PBXSourcesBuildPhase section */

/* Begin PBXTargetDependency section */
		F88DCEF228E2AA2800FC3BCB /* PBXTargetDependency */ = {
			isa = PBXTargetDependency;
			target = F88DCED928E2AA2800FC3BCB /* WeatherApp */;
			targetProxy = F88DCEF128E2AA2800FC3BCB /* PBXContainerItemProxy */;
		};
		F88DCEFC28E2AA2800FC3BCB /* PBXTargetDependency */ = {
			isa = PBXTargetDependency;
			target = F88DCED928E2AA2800FC3BCB /* WeatherApp */;
			targetProxy = F88DCEFB28E2AA2800FC3BCB /* PBXContainerItemProxy */;
		};
/* End PBXTargetDependency section */

/* Begin PBXVariantGroup section */
		F88DCEE328E2AA2800FC3BCB /* Main.storyboard */ = {
			isa = PBXVariantGroup;
			children = (
				F88DCEE428E2AA2800FC3BCB /* Base */,
			);
			name = Main.storyboard;
			sourceTree = "<group>";
		};
		F88DCEE828E2AA2800FC3BCB /* LaunchScreen.storyboard */ = {
			isa = PBXVariantGroup;
			children = (
				F88DCEE928E2AA2800FC3BCB /* Base */,
			);
			name = LaunchScreen.storyboard;
			sourceTree = "<group>";
		};
/* End PBXVariantGroup section */

/* Begin XCBuildConfiguration section */
		F88DCF0228E2AA2800FC3BCB /* Debug */ = {
			isa = XCBuildConfiguration;
			buildSettings = {
				ALWAYS_SEARCH_USER_PATHS = NO;
				CLANG_ANALYZER_NONNULL = YES;
				CLANG_ANALYZER_NUMBER_OBJECT_CONVERSION = YES_AGGRESSIVE;
				CLANG_CXX_LANGUAGE_STANDARD = "gnu++17";
				CLANG_ENABLE_MODULES = YES;
				CLANG_ENABLE_OBJC_ARC = YES;
				CLANG_ENABLE_OBJC_WEAK = YES;
				CLANG_WARN_BLOCK_CAPTURE_AUTORELEASING = YES;
				CLANG_WARN_BOOL_CONVERSION = YES;
				CLANG_WARN_COMMA = YES;
				CLANG_WARN_CONSTANT_CONVERSION = YES;
				CLANG_WARN_DEPRECATED_OBJC_IMPLEMENTATIONS = YES;
				CLANG_WARN_DIRECT_OBJC_ISA_USAGE = YES_ERROR;
				CLANG_WARN_DOCUMENTATION_COMMENTS = YES;
				CLANG_WARN_EMPTY_BODY = YES;
				CLANG_WARN_ENUM_CONVERSION = YES;
				CLANG_WARN_INFINITE_RECURSION = YES;
				CLANG_WARN_INT_CONVERSION = YES;
				CLANG_WARN_NON_LITERAL_NULL_CONVERSION = YES;
				CLANG_WARN_OBJC_IMPLICIT_RETAIN_SELF = YES;
				CLANG_WARN_OBJC_LITERAL_CONVERSION = YES;
				CLANG_WARN_OBJC_ROOT_CLASS = YES_ERROR;
				CLANG_WARN_QUOTED_INCLUDE_IN_FRAMEWORK_HEADER = YES;
				CLANG_WARN_RANGE_LOOP_ANALYSIS = YES;
				CLANG_WARN_STRICT_PROTOTYPES = YES;
				CLANG_WARN_SUSPICIOUS_MOVE = YES;
				CLANG_WARN_UNGUARDED_AVAILABILITY = YES_AGGRESSIVE;
				CLANG_WARN_UNREACHABLE_CODE = YES;
				CLANG_WARN__DUPLICATE_METHOD_MATCH = YES;
				COPY_PHASE_STRIP = NO;
				DEBUG_INFORMATION_FORMAT = dwarf;
				ENABLE_STRICT_OBJC_MSGSEND = YES;
				ENABLE_TESTABILITY = YES;
				GCC_C_LANGUAGE_STANDARD = gnu11;
				GCC_DYNAMIC_NO_PIC = NO;
				GCC_NO_COMMON_BLOCKS = YES;
				GCC_OPTIMIZATION_LEVEL = 0;
				GCC_PREPROCESSOR_DEFINITIONS = (
					"DEBUG=1",
					"$(inherited)",
				);
				GCC_WARN_64_TO_32_BIT_CONVERSION = YES;
				GCC_WARN_ABOUT_RETURN_TYPE = YES_ERROR;
				GCC_WARN_UNDECLARED_SELECTOR = YES;
				GCC_WARN_UNINITIALIZED_AUTOS = YES_AGGRESSIVE;
				GCC_WARN_UNUSED_FUNCTION = YES;
				GCC_WARN_UNUSED_VARIABLE = YES;
				IPHONEOS_DEPLOYMENT_TARGET = 15.5;
				MTL_ENABLE_DEBUG_INFO = INCLUDE_SOURCE;
				MTL_FAST_MATH = YES;
				ONLY_ACTIVE_ARCH = YES;
				SDKROOT = iphoneos;
				SWIFT_ACTIVE_COMPILATION_CONDITIONS = DEBUG;
				SWIFT_OPTIMIZATION_LEVEL = "-Onone";
			};
			name = Debug;
		};
		F88DCF0328E2AA2800FC3BCB /* Release */ = {
			isa = XCBuildConfiguration;
			buildSettings = {
				ALWAYS_SEARCH_USER_PATHS = NO;
				CLANG_ANALYZER_NONNULL = YES;
				CLANG_ANALYZER_NUMBER_OBJECT_CONVERSION = YES_AGGRESSIVE;
				CLANG_CXX_LANGUAGE_STANDARD = "gnu++17";
				CLANG_ENABLE_MODULES = YES;
				CLANG_ENABLE_OBJC_ARC = YES;
				CLANG_ENABLE_OBJC_WEAK = YES;
				CLANG_WARN_BLOCK_CAPTURE_AUTORELEASING = YES;
				CLANG_WARN_BOOL_CONVERSION = YES;
				CLANG_WARN_COMMA = YES;
				CLANG_WARN_CONSTANT_CONVERSION = YES;
				CLANG_WARN_DEPRECATED_OBJC_IMPLEMENTATIONS = YES;
				CLANG_WARN_DIRECT_OBJC_ISA_USAGE = YES_ERROR;
				CLANG_WARN_DOCUMENTATION_COMMENTS = YES;
				CLANG_WARN_EMPTY_BODY = YES;
				CLANG_WARN_ENUM_CONVERSION = YES;
				CLANG_WARN_INFINITE_RECURSION = YES;
				CLANG_WARN_INT_CONVERSION = YES;
				CLANG_WARN_NON_LITERAL_NULL_CONVERSION = YES;
				CLANG_WARN_OBJC_IMPLICIT_RETAIN_SELF = YES;
				CLANG_WARN_OBJC_LITERAL_CONVERSION = YES;
				CLANG_WARN_OBJC_ROOT_CLASS = YES_ERROR;
				CLANG_WARN_QUOTED_INCLUDE_IN_FRAMEWORK_HEADER = YES;
				CLANG_WARN_RANGE_LOOP_ANALYSIS = YES;
				CLANG_WARN_STRICT_PROTOTYPES = YES;
				CLANG_WARN_SUSPICIOUS_MOVE = YES;
				CLANG_WARN_UNGUARDED_AVAILABILITY = YES_AGGRESSIVE;
				CLANG_WARN_UNREACHABLE_CODE = YES;
				CLANG_WARN__DUPLICATE_METHOD_MATCH = YES;
				COPY_PHASE_STRIP = NO;
				DEBUG_INFORMATION_FORMAT = "dwarf-with-dsym";
				ENABLE_NS_ASSERTIONS = NO;
				ENABLE_STRICT_OBJC_MSGSEND = YES;
				GCC_C_LANGUAGE_STANDARD = gnu11;
				GCC_NO_COMMON_BLOCKS = YES;
				GCC_WARN_64_TO_32_BIT_CONVERSION = YES;
				GCC_WARN_ABOUT_RETURN_TYPE = YES_ERROR;
				GCC_WARN_UNDECLARED_SELECTOR = YES;
				GCC_WARN_UNINITIALIZED_AUTOS = YES_AGGRESSIVE;
				GCC_WARN_UNUSED_FUNCTION = YES;
				GCC_WARN_UNUSED_VARIABLE = YES;
				IPHONEOS_DEPLOYMENT_TARGET = 15.5;
				MTL_ENABLE_DEBUG_INFO = NO;
				MTL_FAST_MATH = YES;
				SDKROOT = iphoneos;
				SWIFT_COMPILATION_MODE = wholemodule;
				SWIFT_OPTIMIZATION_LEVEL = "-O";
				VALIDATE_PRODUCT = YES;
			};
			name = Release;
		};
		F88DCF0528E2AA2800FC3BCB /* Debug */ = {
			isa = XCBuildConfiguration;
			buildSettings = {
				ASSETCATALOG_COMPILER_APPICON_NAME = AppIcon;
				ASSETCATALOG_COMPILER_GLOBAL_ACCENT_COLOR_NAME = AccentColor;
				CODE_SIGN_STYLE = Automatic;
				CURRENT_PROJECT_VERSION = 1;
				DEVELOPMENT_TEAM = 4G47XHXXQX;
				GENERATE_INFOPLIST_FILE = YES;
				INFOPLIST_FILE = WeatherApp/Info.plist;
				INFOPLIST_KEY_UIApplicationSupportsIndirectInputEvents = YES;
				INFOPLIST_KEY_UILaunchStoryboardName = LaunchScreen;
				INFOPLIST_KEY_UIMainStoryboardFile = Main;
				INFOPLIST_KEY_UISupportedInterfaceOrientations_iPad = "UIInterfaceOrientationPortrait UIInterfaceOrientationPortraitUpsideDown UIInterfaceOrientationLandscapeLeft UIInterfaceOrientationLandscapeRight";
				INFOPLIST_KEY_UISupportedInterfaceOrientations_iPhone = "UIInterfaceOrientationPortrait UIInterfaceOrientationLandscapeLeft UIInterfaceOrientationLandscapeRight";
				LD_RUNPATH_SEARCH_PATHS = (
					"$(inherited)",
					"@executable_path/Frameworks",
				);
				MARKETING_VERSION = 1.0;
				PRODUCT_BUNDLE_IDENTIFIER = fastCampus.co.kr.WeatherApp;
				PRODUCT_NAME = "$(TARGET_NAME)";
				SWIFT_EMIT_LOC_STRINGS = YES;
				SWIFT_VERSION = 5.0;
				TARGETED_DEVICE_FAMILY = "1,2";
			};
			name = Debug;
		};
		F88DCF0628E2AA2800FC3BCB /* Release */ = {
			isa = XCBuildConfiguration;
			buildSettings = {
				ASSETCATALOG_COMPILER_APPICON_NAME = AppIcon;
				ASSETCATALOG_COMPILER_GLOBAL_ACCENT_COLOR_NAME = AccentColor;
				CODE_SIGN_STYLE = Automatic;
				CURRENT_PROJECT_VERSION = 1;
				DEVELOPMENT_TEAM = 4G47XHXXQX;
				GENERATE_INFOPLIST_FILE = YES;
				INFOPLIST_FILE = WeatherApp/Info.plist;
				INFOPLIST_KEY_UIApplicationSupportsIndirectInputEvents = YES;
				INFOPLIST_KEY_UILaunchStoryboardName = LaunchScreen;
				INFOPLIST_KEY_UIMainStoryboardFile = Main;
				INFOPLIST_KEY_UISupportedInterfaceOrientations_iPad = "UIInterfaceOrientationPortrait UIInterfaceOrientationPortraitUpsideDown UIInterfaceOrientationLandscapeLeft UIInterfaceOrientationLandscapeRight";
				INFOPLIST_KEY_UISupportedInterfaceOrientations_iPhone = "UIInterfaceOrientationPortrait UIInterfaceOrientationLandscapeLeft UIInterfaceOrientationLandscapeRight";
				LD_RUNPATH_SEARCH_PATHS = (
					"$(inherited)",
					"@executable_path/Frameworks",
				);
				MARKETING_VERSION = 1.0;
				PRODUCT_BUNDLE_IDENTIFIER = fastCampus.co.kr.WeatherApp;
				PRODUCT_NAME = "$(TARGET_NAME)";
				SWIFT_EMIT_LOC_STRINGS = YES;
				SWIFT_VERSION = 5.0;
				TARGETED_DEVICE_FAMILY = "1,2";
			};
			name = Release;
		};
		F88DCF0828E2AA2800FC3BCB /* Debug */ = {
			isa = XCBuildConfiguration;
			buildSettings = {
				ALWAYS_EMBED_SWIFT_STANDARD_LIBRARIES = YES;
				BUNDLE_LOADER = "$(TEST_HOST)";
				CODE_SIGN_STYLE = Automatic;
				CURRENT_PROJECT_VERSION = 1;
				DEVELOPMENT_TEAM = 4G47XHXXQX;
				GENERATE_INFOPLIST_FILE = YES;
				IPHONEOS_DEPLOYMENT_TARGET = 15.5;
				MARKETING_VERSION = 1.0;
				PRODUCT_BUNDLE_IDENTIFIER = fastCampus.co.kr.WeatherAppTests;
				PRODUCT_NAME = "$(TARGET_NAME)";
				SWIFT_EMIT_LOC_STRINGS = NO;
				SWIFT_VERSION = 5.0;
				TARGETED_DEVICE_FAMILY = "1,2";
				TEST_HOST = "$(BUILT_PRODUCTS_DIR)/WeatherApp.app/WeatherApp";
			};
			name = Debug;
		};
		F88DCF0928E2AA2800FC3BCB /* Release */ = {
			isa = XCBuildConfiguration;
			buildSettings = {
				ALWAYS_EMBED_SWIFT_STANDARD_LIBRARIES = YES;
				BUNDLE_LOADER = "$(TEST_HOST)";
				CODE_SIGN_STYLE = Automatic;
				CURRENT_PROJECT_VERSION = 1;
				DEVELOPMENT_TEAM = 4G47XHXXQX;
				GENERATE_INFOPLIST_FILE = YES;
				IPHONEOS_DEPLOYMENT_TARGET = 15.5;
				MARKETING_VERSION = 1.0;
				PRODUCT_BUNDLE_IDENTIFIER = fastCampus.co.kr.WeatherAppTests;
				PRODUCT_NAME = "$(TARGET_NAME)";
				SWIFT_EMIT_LOC_STRINGS = NO;
				SWIFT_VERSION = 5.0;
				TARGETED_DEVICE_FAMILY = "1,2";
				TEST_HOST = "$(BUILT_PRODUCTS_DIR)/WeatherApp.app/WeatherApp";
			};
			name = Release;
		};
		F88DCF0B28E2AA2800FC3BCB /* Debug */ = {
			isa = XCBuildConfiguration;
			buildSettings = {
				ALWAYS_EMBED_SWIFT_STANDARD_LIBRARIES = YES;
				CODE_SIGN_STYLE = Automatic;
				CURRENT_PROJECT_VERSION = 1;
				DEVELOPMENT_TEAM = 4G47XHXXQX;
				GENERATE_INFOPLIST_FILE = YES;
				MARKETING_VERSION = 1.0;
				PRODUCT_BUNDLE_IDENTIFIER = fastCampus.co.kr.WeatherAppUITests;
				PRODUCT_NAME = "$(TARGET_NAME)";
				SWIFT_EMIT_LOC_STRINGS = NO;
				SWIFT_VERSION = 5.0;
				TARGETED_DEVICE_FAMILY = "1,2";
				TEST_TARGET_NAME = WeatherApp;
			};
			name = Debug;
		};
		F88DCF0C28E2AA2800FC3BCB /* Release */ = {
			isa = XCBuildConfiguration;
			buildSettings = {
				ALWAYS_EMBED_SWIFT_STANDARD_LIBRARIES = YES;
				CODE_SIGN_STYLE = Automatic;
				CURRENT_PROJECT_VERSION = 1;
				DEVELOPMENT_TEAM = 4G47XHXXQX;
				GENERATE_INFOPLIST_FILE = YES;
				MARKETING_VERSION = 1.0;
				PRODUCT_BUNDLE_IDENTIFIER = fastCampus.co.kr.WeatherAppUITests;
				PRODUCT_NAME = "$(TARGET_NAME)";
				SWIFT_EMIT_LOC_STRINGS = NO;
				SWIFT_VERSION = 5.0;
				TARGETED_DEVICE_FAMILY = "1,2";
				TEST_TARGET_NAME = WeatherApp;
			};
			name = Release;
		};
/* End XCBuildConfiguration section */

/* Begin XCConfigurationList section */
		F88DCED528E2AA2800FC3BCB /* Build configuration list for PBXProject "WeatherApp" */ = {
			isa = XCConfigurationList;
			buildConfigurations = (
				F88DCF0228E2AA2800FC3BCB /* Debug */,
				F88DCF0328E2AA2800FC3BCB /* Release */,
			);
			defaultConfigurationIsVisible = 0;
			defaultConfigurationName = Release;
		};
		F88DCF0428E2AA2800FC3BCB /* Build configuration list for PBXNativeTarget "WeatherApp" */ = {
			isa = XCConfigurationList;
			buildConfigurations = (
				F88DCF0528E2AA2800FC3BCB /* Debug */,
				F88DCF0628E2AA2800FC3BCB /* Release */,
			);
			defaultConfigurationIsVisible = 0;
			defaultConfigurationName = Release;
		};
		F88DCF0728E2AA2800FC3BCB /* Build configuration list for PBXNativeTarget "WeatherAppTests" */ = {
			isa = XCConfigurationList;
			buildConfigurations = (
				F88DCF0828E2AA2800FC3BCB /* Debug */,
				F88DCF0928E2AA2800FC3BCB /* Release */,
			);
			defaultConfigurationIsVisible = 0;
			defaultConfigurationName = Release;
		};
		F88DCF0A28E2AA2800FC3BCB /* Build configuration list for PBXNativeTarget "WeatherAppUITests" */ = {
			isa = XCConfigurationList;
			buildConfigurations = (
				F88DCF0B28E2AA2800FC3BCB /* Debug */,
				F88DCF0C28E2AA2800FC3BCB /* Release */,
			);
			defaultConfigurationIsVisible = 0;
			defaultConfigurationName = Release;
		};
/* End XCConfigurationList section */
	};
	rootObject = F88DCED228E2AA2800FC3BCB /* Project object */;
}
