// !$*UTF8*$!
{
	archiveVersion = 1;
	classes = {
	};
	objectVersion = 55;
	objects = {

/* Begin PBXBuildFile section */
		F88DCF1A28E2B57900FC3BCB /* AppDelegate.swift in Sources */ = {isa = PBXBuildFile; fileRef = F88DCF1928E2B57900FC3BCB /* AppDelegate.swift */; };
		F88DCF1C28E2B57900FC3BCB /* SceneDelegate.swift in Sources */ = {isa = PBXBuildFile; fileRef = F88DCF1B28E2B57900FC3BCB /* SceneDelegate.swift */; };
		F88DCF1E28E2B57900FC3BCB /* ViewController.swift in Sources */ = {isa = PBXBuildFile; fileRef = F88DCF1D28E2B57900FC3BCB /* ViewController.swift */; };
		F88DCF2128E2B57900FC3BCB /* Main.storyboard in Resources */ = {isa = PBXBuildFile; fileRef = F88DCF1F28E2B57900FC3BCB /* Main.storyboard */; };
		F88DCF2328E2B57A00FC3BCB /* Assets.xcassets in Resources */ = {isa = PBXBuildFile; fileRef = F88DCF2228E2B57A00FC3BCB /* Assets.xcassets */; };
		F88DCF2628E2B57A00FC3BCB /* LaunchScreen.storyboard in Resources */ = {isa = PBXBuildFile; fileRef = F88DCF2428E2B57A00FC3BCB /* LaunchScreen.storyboard */; };
		F88DCF3128E2B57A00FC3BCB /* weatherAppTests.swift in Sources */ = {isa = PBXBuildFile; fileRef = F88DCF3028E2B57A00FC3BCB /* weatherAppTests.swift */; };
		F88DCF3B28E2B57A00FC3BCB /* weatherAppUITests.swift in Sources */ = {isa = PBXBuildFile; fileRef = F88DCF3A28E2B57A00FC3BCB /* weatherAppUITests.swift */; };
		F88DCF3D28E2B57A00FC3BCB /* weatherAppUITestsLaunchTests.swift in Sources */ = {isa = PBXBuildFile; fileRef = F88DCF3C28E2B57A00FC3BCB /* weatherAppUITestsLaunchTests.swift */; };
		F88DCF4A28E2B89600FC3BCB /* WeatherInformation.swift in Sources */ = {isa = PBXBuildFile; fileRef = F88DCF4928E2B89600FC3BCB /* WeatherInformation.swift */; };
/* End PBXBuildFile section */

/* Begin PBXContainerItemProxy section */
		F88DCF2D28E2B57A00FC3BCB /* PBXContainerItemProxy */ = {
			isa = PBXContainerItemProxy;
			containerPortal = F88DCF0E28E2B57900FC3BCB /* Project object */;
			proxyType = 1;
			remoteGlobalIDString = F88DCF1528E2B57900FC3BCB;
			remoteInfo = weatherApp;
		};
		F88DCF3728E2B57A00FC3BCB /* PBXContainerItemProxy */ = {
			isa = PBXContainerItemProxy;
			containerPortal = F88DCF0E28E2B57900FC3BCB /* Project object */;
			proxyType = 1;
			remoteGlobalIDString = F88DCF1528E2B57900FC3BCB;
			remoteInfo = weatherApp;
		};
/* End PBXContainerItemProxy section */

/* Begin PBXFileReference section */
		F88DCF1628E2B57900FC3BCB /* weatherApp.app */ = {isa = PBXFileReference; explicitFileType = wrapper.application; includeInIndex = 0; path = weatherApp.app; sourceTree = BUILT_PRODUCTS_DIR; };
		F88DCF1928E2B57900FC3BCB /* AppDelegate.swift */ = {isa = PBXFileReference; lastKnownFileType = sourcecode.swift; path = AppDelegate.swift; sourceTree = "<group>"; };
		F88DCF1B28E2B57900FC3BCB /* SceneDelegate.swift */ = {isa = PBXFileReference; lastKnownFileType = sourcecode.swift; path = SceneDelegate.swift; sourceTree = "<group>"; };
		F88DCF1D28E2B57900FC3BCB /* ViewController.swift */ = {isa = PBXFileReference; lastKnownFileType = sourcecode.swift; path = ViewController.swift; sourceTree = "<group>"; };
		F88DCF2028E2B57900FC3BCB /* Base */ = {isa = PBXFileReference; lastKnownFileType = file.storyboard; name = Base; path = Base.lproj/Main.storyboard; sourceTree = "<group>"; };
		F88DCF2228E2B57A00FC3BCB /* Assets.xcassets */ = {isa = PBXFileReference; lastKnownFileType = folder.assetcatalog; path = Assets.xcassets; sourceTree = "<group>"; };
		F88DCF2528E2B57A00FC3BCB /* Base */ = {isa = PBXFileReference; lastKnownFileType = file.storyboard; name = Base; path = Base.lproj/LaunchScreen.storyboard; sourceTree = "<group>"; };
		F88DCF2728E2B57A00FC3BCB /* Info.plist */ = {isa = PBXFileReference; lastKnownFileType = text.plist.xml; path = Info.plist; sourceTree = "<group>"; };
		F88DCF2C28E2B57A00FC3BCB /* weatherAppTests.xctest */ = {isa = PBXFileReference; explicitFileType = wrapper.cfbundle; includeInIndex = 0; path = weatherAppTests.xctest; sourceTree = BUILT_PRODUCTS_DIR; };
		F88DCF3028E2B57A00FC3BCB /* weatherAppTests.swift */ = {isa = PBXFileReference; lastKnownFileType = sourcecode.swift; path = weatherAppTests.swift; sourceTree = "<group>"; };
		F88DCF3628E2B57A00FC3BCB /* weatherAppUITests.xctest */ = {isa = PBXFileReference; explicitFileType = wrapper.cfbundle; includeInIndex = 0; path = weatherAppUITests.xctest; sourceTree = BUILT_PRODUCTS_DIR; };
		F88DCF3A28E2B57A00FC3BCB /* weatherAppUITests.swift */ = {isa = PBXFileReference; lastKnownFileType = sourcecode.swift; path = weatherAppUITests.swift; sourceTree = "<group>"; };
		F88DCF3C28E2B57A00FC3BCB /* weatherAppUITestsLaunchTests.swift */ = {isa = PBXFileReference; lastKnownFileType = sourcecode.swift; path = weatherAppUITestsLaunchTests.swift; sourceTree = "<group>"; };
		F88DCF4928E2B89600FC3BCB /* WeatherInformation.swift */ = {isa = PBXFileReference; lastKnownFileType = sourcecode.swift; path = WeatherInformation.swift; sourceTree = "<group>"; };
/* End PBXFileReference section */

/* Begin PBXFrameworksBuildPhase section */
		F88DCF1328E2B57900FC3BCB /* Frameworks */ = {
			isa = PBXFrameworksBuildPhase;
			buildActionMask = 2147483647;
			files = (
			);
			runOnlyForDeploymentPostprocessing = 0;
		};
		F88DCF2928E2B57A00FC3BCB /* Frameworks */ = {
			isa = PBXFrameworksBuildPhase;
			buildActionMask = 2147483647;
			files = (
			);
			runOnlyForDeploymentPostprocessing = 0;
		};
		F88DCF3328E2B57A00FC3BCB /* Frameworks */ = {
			isa = PBXFrameworksBuildPhase;
			buildActionMask = 2147483647;
			files = (
			);
			runOnlyForDeploymentPostprocessing = 0;
		};
/* End PBXFrameworksBuildPhase section */

/* Begin PBXGroup section */
		F88DCF0D28E2B57900FC3BCB = {
			isa = PBXGroup;
			children = (
				F88DCF1828E2B57900FC3BCB /* weatherApp */,
				F88DCF2F28E2B57A00FC3BCB /* weatherAppTests */,
				F88DCF3928E2B57A00FC3BCB /* weatherAppUITests */,
				F88DCF1728E2B57900FC3BCB /* Products */,
			);
			sourceTree = "<group>";
		};
		F88DCF1728E2B57900FC3BCB /* Products */ = {
			isa = PBXGroup;
			children = (
				F88DCF1628E2B57900FC3BCB /* weatherApp.app */,
				F88DCF2C28E2B57A00FC3BCB /* weatherAppTests.xctest */,
				F88DCF3628E2B57A00FC3BCB /* weatherAppUITests.xctest */,
			);
			name = Products;
			sourceTree = "<group>";
		};
		F88DCF1828E2B57900FC3BCB /* weatherApp */ = {
			isa = PBXGroup;
			children = (
				F88DCF4928E2B89600FC3BCB /* WeatherInformation.swift */,
				F88DCF1928E2B57900FC3BCB /* AppDelegate.swift */,
				F88DCF1B28E2B57900FC3BCB /* SceneDelegate.swift */,
				F88DCF1D28E2B57900FC3BCB /* ViewController.swift */,
				F88DCF1F28E2B57900FC3BCB /* Main.storyboard */,
				F88DCF2228E2B57A00FC3BCB /* Assets.xcassets */,
				F88DCF2428E2B57A00FC3BCB /* LaunchScreen.storyboard */,
				F88DCF2728E2B57A00FC3BCB /* Info.plist */,
			);
			path = weatherApp;
			sourceTree = "<group>";
		};
		F88DCF2F28E2B57A00FC3BCB /* weatherAppTests */ = {
			isa = PBXGroup;
			children = (
				F88DCF3028E2B57A00FC3BCB /* weatherAppTests.swift */,
			);
			path = weatherAppTests;
			sourceTree = "<group>";
		};
		F88DCF3928E2B57A00FC3BCB /* weatherAppUITests */ = {
			isa = PBXGroup;
			children = (
				F88DCF3A28E2B57A00FC3BCB /* weatherAppUITests.swift */,
				F88DCF3C28E2B57A00FC3BCB /* weatherAppUITestsLaunchTests.swift */,
			);
			path = weatherAppUITests;
			sourceTree = "<group>";
		};
/* End PBXGroup section */

/* Begin PBXNativeTarget section */
		F88DCF1528E2B57900FC3BCB /* weatherApp */ = {
			isa = PBXNativeTarget;
			buildConfigurationList = F88DCF4028E2B57A00FC3BCB /* Build configuration list for PBXNativeTarget "weatherApp" */;
			buildPhases = (
				F88DCF1228E2B57900FC3BCB /* Sources */,
				F88DCF1328E2B57900FC3BCB /* Frameworks */,
				F88DCF1428E2B57900FC3BCB /* Resources */,
			);
			buildRules = (
			);
			dependencies = (
			);
			name = weatherApp;
			productName = weatherApp;
			productReference = F88DCF1628E2B57900FC3BCB /* weatherApp.app */;
			productType = "com.apple.product-type.application";
		};
		F88DCF2B28E2B57A00FC3BCB /* weatherAppTests */ = {
			isa = PBXNativeTarget;
			buildConfigurationList = F88DCF4328E2B57A00FC3BCB /* Build configuration list for PBXNativeTarget "weatherAppTests" */;
			buildPhases = (
				F88DCF2828E2B57A00FC3BCB /* Sources */,
				F88DCF2928E2B57A00FC3BCB /* Frameworks */,
				F88DCF2A28E2B57A00FC3BCB /* Resources */,
			);
			buildRules = (
			);
			dependencies = (
				F88DCF2E28E2B57A00FC3BCB /* PBXTargetDependency */,
			);
			name = weatherAppTests;
			productName = weatherAppTests;
			productReference = F88DCF2C28E2B57A00FC3BCB /* weatherAppTests.xctest */;
			productType = "com.apple.product-type.bundle.unit-test";
		};
		F88DCF3528E2B57A00FC3BCB /* weatherAppUITests */ = {
			isa = PBXNativeTarget;
			buildConfigurationList = F88DCF4628E2B57A00FC3BCB /* Build configuration list for PBXNativeTarget "weatherAppUITests" */;
			buildPhases = (
				F88DCF3228E2B57A00FC3BCB /* Sources */,
				F88DCF3328E2B57A00FC3BCB /* Frameworks */,
				F88DCF3428E2B57A00FC3BCB /* Resources */,
			);
			buildRules = (
			);
			dependencies = (
				F88DCF3828E2B57A00FC3BCB /* PBXTargetDependency */,
			);
			name = weatherAppUITests;
			productName = weatherAppUITests;
			productReference = F88DCF3628E2B57A00FC3BCB /* weatherAppUITests.xctest */;
			productType = "com.apple.product-type.bundle.ui-testing";
		};
/* End PBXNativeTarget section */

/* Begin PBXProject section */
		F88DCF0E28E2B57900FC3BCB /* Project object */ = {
			isa = PBXProject;
			attributes = {
				BuildIndependentTargetsInParallel = 1;
				LastSwiftUpdateCheck = 1340;
				LastUpgradeCheck = 1340;
				TargetAttributes = {
					F88DCF1528E2B57900FC3BCB = {
						CreatedOnToolsVersion = 13.4.1;
					};
					F88DCF2B28E2B57A00FC3BCB = {
						CreatedOnToolsVersion = 13.4.1;
						TestTargetID = F88DCF1528E2B57900FC3BCB;
					};
					F88DCF3528E2B57A00FC3BCB = {
						CreatedOnToolsVersion = 13.4.1;
						TestTargetID = F88DCF1528E2B57900FC3BCB;
					};
				};
			};
			buildConfigurationList = F88DCF1128E2B57900FC3BCB /* Build configuration list for PBXProject "weatherApp" */;
			compatibilityVersion = "Xcode 13.0";
			developmentRegion = en;
			hasScannedForEncodings = 0;
			knownRegions = (
				en,
				Base,
			);
			mainGroup = F88DCF0D28E2B57900FC3BCB;
			productRefGroup = F88DCF1728E2B57900FC3BCB /* Products */;
			projectDirPath = "";
			projectRoot = "";
			targets = (
				F88DCF1528E2B57900FC3BCB /* weatherApp */,
				F88DCF2B28E2B57A00FC3BCB /* weatherAppTests */,
				F88DCF3528E2B57A00FC3BCB /* weatherAppUITests */,
			);
		};
/* End PBXProject section */

/* Begin PBXResourcesBuildPhase section */
		F88DCF1428E2B57900FC3BCB /* Resources */ = {
			isa = PBXResourcesBuildPhase;
			buildActionMask = 2147483647;
			files = (
				F88DCF2628E2B57A00FC3BCB /* LaunchScreen.storyboard in Resources */,
				F88DCF2328E2B57A00FC3BCB /* Assets.xcassets in Resources */,
				F88DCF2128E2B57900FC3BCB /* Main.storyboard in Resources */,
			);
			runOnlyForDeploymentPostprocessing = 0;
		};
		F88DCF2A28E2B57A00FC3BCB /* Resources */ = {
			isa = PBXResourcesBuildPhase;
			buildActionMask = 2147483647;
			files = (
			);
			runOnlyForDeploymentPostprocessing = 0;
		};
		F88DCF3428E2B57A00FC3BCB /* Resources */ = {
			isa = PBXResourcesBuildPhase;
			buildActionMask = 2147483647;
			files = (
			);
			runOnlyForDeploymentPostprocessing = 0;
		};
/* End PBXResourcesBuildPhase section */

/* Begin PBXSourcesBuildPhase section */
		F88DCF1228E2B57900FC3BCB /* Sources */ = {
			isa = PBXSourcesBuildPhase;
			buildActionMask = 2147483647;
			files = (
				F88DCF1E28E2B57900FC3BCB /* ViewController.swift in Sources */,
				F88DCF4A28E2B89600FC3BCB /* WeatherInformation.swift in Sources */,
				F88DCF1A28E2B57900FC3BCB /* AppDelegate.swift in Sources */,
				F88DCF1C28E2B57900FC3BCB /* SceneDelegate.swift in Sources */,
			);
			runOnlyForDeploymentPostprocessing = 0;
		};
		F88DCF2828E2B57A00FC3BCB /* Sources */ = {
			isa = PBXSourcesBuildPhase;
			buildActionMask = 2147483647;
			files = (
				F88DCF3128E2B57A00FC3BCB /* weatherAppTests.swift in Sources */,
			);
			runOnlyForDeploymentPostprocessing = 0;
		};
		F88DCF3228E2B57A00FC3BCB /* Sources */ = {
			isa = PBXSourcesBuildPhase;
			buildActionMask = 2147483647;
			files = (
				F88DCF3B28E2B57A00FC3BCB /* weatherAppUITests.swift in Sources */,
				F88DCF3D28E2B57A00FC3BCB /* weatherAppUITestsLaunchTests.swift in Sources */,
			);
			runOnlyForDeploymentPostprocessing = 0;
		};
/* End PBXSourcesBuildPhase section */

/* Begin PBXTargetDependency section */
		F88DCF2E28E2B57A00FC3BCB /* PBXTargetDependency */ = {
			isa = PBXTargetDependency;
			target = F88DCF1528E2B57900FC3BCB /* weatherApp */;
			targetProxy = F88DCF2D28E2B57A00FC3BCB /* PBXContainerItemProxy */;
		};
		F88DCF3828E2B57A00FC3BCB /* PBXTargetDependency */ = {
			isa = PBXTargetDependency;
			target = F88DCF1528E2B57900FC3BCB /* weatherApp */;
			targetProxy = F88DCF3728E2B57A00FC3BCB /* PBXContainerItemProxy */;
		};
/* End PBXTargetDependency section */

/* Begin PBXVariantGroup section */
		F88DCF1F28E2B57900FC3BCB /* Main.storyboard */ = {
			isa = PBXVariantGroup;
			children = (
				F88DCF2028E2B57900FC3BCB /* Base */,
			);
			name = Main.storyboard;
			sourceTree = "<group>";
		};
		F88DCF2428E2B57A00FC3BCB /* LaunchScreen.storyboard */ = {
			isa = PBXVariantGroup;
			children = (
				F88DCF2528E2B57A00FC3BCB /* Base */,
			);
			name = LaunchScreen.storyboard;
			sourceTree = "<group>";
		};
/* End PBXVariantGroup section */

/* Begin XCBuildConfiguration section */
		F88DCF3E28E2B57A00FC3BCB /* Debug */ = {
			isa = XCBuildConfiguration;
			buildSettings = {
				ALWAYS_SEARCH_USER_PATHS = NO;
				CLANG_ANALYZER_NONNULL = YES;
				CLANG_ANALYZER_NUMBER_OBJECT_CONVERSION = YES_AGGRESSIVE;
				CLANG_CXX_LANGUAGE_STANDARD = "gnu++17";
				CLANG_ENABLE_MODULES = YES;
				CLANG_ENABLE_OBJC_ARC = YES;
				CLANG_ENABLE_OBJC_WEAK = YES;
				CLANG_WARN_BLOCK_CAPTURE_AUTORELEASING = YES;
				CLANG_WARN_BOOL_CONVERSION = YES;
				CLANG_WARN_COMMA = YES;
				CLANG_WARN_CONSTANT_CONVERSION = YES;
				CLANG_WARN_DEPRECATED_OBJC_IMPLEMENTATIONS = YES;
				CLANG_WARN_DIRECT_OBJC_ISA_USAGE = YES_ERROR;
				CLANG_WARN_DOCUMENTATION_COMMENTS = YES;
				CLANG_WARN_EMPTY_BODY = YES;
				CLANG_WARN_ENUM_CONVERSION = YES;
				CLANG_WARN_INFINITE_RECURSION = YES;
				CLANG_WARN_INT_CONVERSION = YES;
				CLANG_WARN_NON_LITERAL_NULL_CONVERSION = YES;
				CLANG_WARN_OBJC_IMPLICIT_RETAIN_SELF = YES;
				CLANG_WARN_OBJC_LITERAL_CONVERSION = YES;
				CLANG_WARN_OBJC_ROOT_CLASS = YES_ERROR;
				CLANG_WARN_QUOTED_INCLUDE_IN_FRAMEWORK_HEADER = YES;
				CLANG_WARN_RANGE_LOOP_ANALYSIS = YES;
				CLANG_WARN_STRICT_PROTOTYPES = YES;
				CLANG_WARN_SUSPICIOUS_MOVE = YES;
				CLANG_WARN_UNGUARDED_AVAILABILITY = YES_AGGRESSIVE;
				CLANG_WARN_UNREACHABLE_CODE = YES;
				CLANG_WARN__DUPLICATE_METHOD_MATCH = YES;
				COPY_PHASE_STRIP = NO;
				DEBUG_INFORMATION_FORMAT = dwarf;
				ENABLE_STRICT_OBJC_MSGSEND = YES;
				ENABLE_TESTABILITY = YES;
				GCC_C_LANGUAGE_STANDARD = gnu11;
				GCC_DYNAMIC_NO_PIC = NO;
				GCC_NO_COMMON_BLOCKS = YES;
				GCC_OPTIMIZATION_LEVEL = 0;
				GCC_PREPROCESSOR_DEFINITIONS = (
					"DEBUG=1",
					"$(inherited)",
				);
				GCC_WARN_64_TO_32_BIT_CONVERSION = YES;
				GCC_WARN_ABOUT_RETURN_TYPE = YES_ERROR;
				GCC_WARN_UNDECLARED_SELECTOR = YES;
				GCC_WARN_UNINITIALIZED_AUTOS = YES_AGGRESSIVE;
				GCC_WARN_UNUSED_FUNCTION = YES;
				GCC_WARN_UNUSED_VARIABLE = YES;
				IPHONEOS_DEPLOYMENT_TARGET = 15.5;
				MTL_ENABLE_DEBUG_INFO = INCLUDE_SOURCE;
				MTL_FAST_MATH = YES;
				ONLY_ACTIVE_ARCH = YES;
				SDKROOT = iphoneos;
				SWIFT_ACTIVE_COMPILATION_CONDITIONS = DEBUG;
				SWIFT_OPTIMIZATION_LEVEL = "-Onone";
			};
			name = Debug;
		};
		F88DCF3F28E2B57A00FC3BCB /* Release */ = {
			isa = XCBuildConfiguration;
			buildSettings = {
				ALWAYS_SEARCH_USER_PATHS = NO;
				CLANG_ANALYZER_NONNULL = YES;
				CLANG_ANALYZER_NUMBER_OBJECT_CONVERSION = YES_AGGRESSIVE;
				CLANG_CXX_LANGUAGE_STANDARD = "gnu++17";
				CLANG_ENABLE_MODULES = YES;
				CLANG_ENABLE_OBJC_ARC = YES;
				CLANG_ENABLE_OBJC_WEAK = YES;
				CLANG_WARN_BLOCK_CAPTURE_AUTORELEASING = YES;
				CLANG_WARN_BOOL_CONVERSION = YES;
				CLANG_WARN_COMMA = YES;
				CLANG_WARN_CONSTANT_CONVERSION = YES;
				CLANG_WARN_DEPRECATED_OBJC_IMPLEMENTATIONS = YES;
				CLANG_WARN_DIRECT_OBJC_ISA_USAGE = YES_ERROR;
				CLANG_WARN_DOCUMENTATION_COMMENTS = YES;
				CLANG_WARN_EMPTY_BODY = YES;
				CLANG_WARN_ENUM_CONVERSION = YES;
				CLANG_WARN_INFINITE_RECURSION = YES;
				CLANG_WARN_INT_CONVERSION = YES;
				CLANG_WARN_NON_LITERAL_NULL_CONVERSION = YES;
				CLANG_WARN_OBJC_IMPLICIT_RETAIN_SELF = YES;
				CLANG_WARN_OBJC_LITERAL_CONVERSION = YES;
				CLANG_WARN_OBJC_ROOT_CLASS = YES_ERROR;
				CLANG_WARN_QUOTED_INCLUDE_IN_FRAMEWORK_HEADER = YES;
				CLANG_WARN_RANGE_LOOP_ANALYSIS = YES;
				CLANG_WARN_STRICT_PROTOTYPES = YES;
				CLANG_WARN_SUSPICIOUS_MOVE = YES;
				CLANG_WARN_UNGUARDED_AVAILABILITY = YES_AGGRESSIVE;
				CLANG_WARN_UNREACHABLE_CODE = YES;
				CLANG_WARN__DUPLICATE_METHOD_MATCH = YES;
				COPY_PHASE_STRIP = NO;
				DEBUG_INFORMATION_FORMAT = "dwarf-with-dsym";
				ENABLE_NS_ASSERTIONS = NO;
				ENABLE_STRICT_OBJC_MSGSEND = YES;
				GCC_C_LANGUAGE_STANDARD = gnu11;
				GCC_NO_COMMON_BLOCKS = YES;
				GCC_WARN_64_TO_32_BIT_CONVERSION = YES;
				GCC_WARN_ABOUT_RETURN_TYPE = YES_ERROR;
				GCC_WARN_UNDECLARED_SELECTOR = YES;
				GCC_WARN_UNINITIALIZED_AUTOS = YES_AGGRESSIVE;
				GCC_WARN_UNUSED_FUNCTION = YES;
				GCC_WARN_UNUSED_VARIABLE = YES;
				IPHONEOS_DEPLOYMENT_TARGET = 15.5;
				MTL_ENABLE_DEBUG_INFO = NO;
				MTL_FAST_MATH = YES;
				SDKROOT = iphoneos;
				SWIFT_COMPILATION_MODE = wholemodule;
				SWIFT_OPTIMIZATION_LEVEL = "-O";
				VALIDATE_PRODUCT = YES;
			};
			name = Release;
		};
		F88DCF4128E2B57A00FC3BCB /* Debug */ = {
			isa = XCBuildConfiguration;
			buildSettings = {
				ASSETCATALOG_COMPILER_APPICON_NAME = AppIcon;
				ASSETCATALOG_COMPILER_GLOBAL_ACCENT_COLOR_NAME = AccentColor;
				CODE_SIGN_STYLE = Automatic;
				CURRENT_PROJECT_VERSION = 1;
				DEVELOPMENT_TEAM = 4G47XHXXQX;
				GENERATE_INFOPLIST_FILE = YES;
				INFOPLIST_FILE = weatherApp/Info.plist;
				INFOPLIST_KEY_UIApplicationSupportsIndirectInputEvents = YES;
				INFOPLIST_KEY_UILaunchStoryboardName = LaunchScreen;
				INFOPLIST_KEY_UIMainStoryboardFile = Main;
				INFOPLIST_KEY_UISupportedInterfaceOrientations_iPad = "UIInterfaceOrientationPortrait UIInterfaceOrientationPortraitUpsideDown UIInterfaceOrientationLandscapeLeft UIInterfaceOrientationLandscapeRight";
				INFOPLIST_KEY_UISupportedInterfaceOrientations_iPhone = "UIInterfaceOrientationPortrait UIInterfaceOrientationLandscapeLeft UIInterfaceOrientationLandscapeRight";
				LD_RUNPATH_SEARCH_PATHS = (
					"$(inherited)",
					"@executable_path/Frameworks",
				);
				MARKETING_VERSION = 1.0;
				PRODUCT_BUNDLE_IDENTIFIER = fastCampus.co.kr.weatherApp;
				PRODUCT_NAME = "$(TARGET_NAME)";
				SWIFT_EMIT_LOC_STRINGS = YES;
				SWIFT_VERSION = 5.0;
				TARGETED_DEVICE_FAMILY = "1,2";
			};
			name = Debug;
		};
		F88DCF4228E2B57A00FC3BCB /* Release */ = {
			isa = XCBuildConfiguration;
			buildSettings = {
				ASSETCATALOG_COMPILER_APPICON_NAME = AppIcon;
				ASSETCATALOG_COMPILER_GLOBAL_ACCENT_COLOR_NAME = AccentColor;
				CODE_SIGN_STYLE = Automatic;
				CURRENT_PROJECT_VERSION = 1;
				DEVELOPMENT_TEAM = 4G47XHXXQX;
				GENERATE_INFOPLIST_FILE = YES;
				INFOPLIST_FILE = weatherApp/Info.plist;
				INFOPLIST_KEY_UIApplicationSupportsIndirectInputEvents = YES;
				INFOPLIST_KEY_UILaunchStoryboardName = LaunchScreen;
				INFOPLIST_KEY_UIMainStoryboardFile = Main;
				INFOPLIST_KEY_UISupportedInterfaceOrientations_iPad = "UIInterfaceOrientationPortrait UIInterfaceOrientationPortraitUpsideDown UIInterfaceOrientationLandscapeLeft UIInterfaceOrientationLandscapeRight";
				INFOPLIST_KEY_UISupportedInterfaceOrientations_iPhone = "UIInterfaceOrientationPortrait UIInterfaceOrientationLandscapeLeft UIInterfaceOrientationLandscapeRight";
				LD_RUNPATH_SEARCH_PATHS = (
					"$(inherited)",
					"@executable_path/Frameworks",
				);
				MARKETING_VERSION = 1.0;
				PRODUCT_BUNDLE_IDENTIFIER = fastCampus.co.kr.weatherApp;
				PRODUCT_NAME = "$(TARGET_NAME)";
				SWIFT_EMIT_LOC_STRINGS = YES;
				SWIFT_VERSION = 5.0;
				TARGETED_DEVICE_FAMILY = "1,2";
			};
			name = Release;
		};
		F88DCF4428E2B57A00FC3BCB /* Debug */ = {
			isa = XCBuildConfiguration;
			buildSettings = {
				ALWAYS_EMBED_SWIFT_STANDARD_LIBRARIES = YES;
				BUNDLE_LOADER = "$(TEST_HOST)";
				CODE_SIGN_STYLE = Automatic;
				CURRENT_PROJECT_VERSION = 1;
				DEVELOPMENT_TEAM = 4G47XHXXQX;
				GENERATE_INFOPLIST_FILE = YES;
				IPHONEOS_DEPLOYMENT_TARGET = 15.5;
				MARKETING_VERSION = 1.0;
				PRODUCT_BUNDLE_IDENTIFIER = fastCampus.co.kr.weatherAppTests;
				PRODUCT_NAME = "$(TARGET_NAME)";
				SWIFT_EMIT_LOC_STRINGS = NO;
				SWIFT_VERSION = 5.0;
				TARGETED_DEVICE_FAMILY = "1,2";
				TEST_HOST = "$(BUILT_PRODUCTS_DIR)/weatherApp.app/weatherApp";
			};
			name = Debug;
		};
		F88DCF4528E2B57A00FC3BCB /* Release */ = {
			isa = XCBuildConfiguration;
			buildSettings = {
				ALWAYS_EMBED_SWIFT_STANDARD_LIBRARIES = YES;
				BUNDLE_LOADER = "$(TEST_HOST)";
				CODE_SIGN_STYLE = Automatic;
				CURRENT_PROJECT_VERSION = 1;
				DEVELOPMENT_TEAM = 4G47XHXXQX;
				GENERATE_INFOPLIST_FILE = YES;
				IPHONEOS_DEPLOYMENT_TARGET = 15.5;
				MARKETING_VERSION = 1.0;
				PRODUCT_BUNDLE_IDENTIFIER = fastCampus.co.kr.weatherAppTests;
				PRODUCT_NAME = "$(TARGET_NAME)";
				SWIFT_EMIT_LOC_STRINGS = NO;
				SWIFT_VERSION = 5.0;
				TARGETED_DEVICE_FAMILY = "1,2";
				TEST_HOST = "$(BUILT_PRODUCTS_DIR)/weatherApp.app/weatherApp";
			};
			name = Release;
		};
		F88DCF4728E2B57A00FC3BCB /* Debug */ = {
			isa = XCBuildConfiguration;
			buildSettings = {
				ALWAYS_EMBED_SWIFT_STANDARD_LIBRARIES = YES;
				CODE_SIGN_STYLE = Automatic;
				CURRENT_PROJECT_VERSION = 1;
				DEVELOPMENT_TEAM = 4G47XHXXQX;
				GENERATE_INFOPLIST_FILE = YES;
				MARKETING_VERSION = 1.0;
				PRODUCT_BUNDLE_IDENTIFIER = fastCampus.co.kr.weatherAppUITests;
				PRODUCT_NAME = "$(TARGET_NAME)";
				SWIFT_EMIT_LOC_STRINGS = NO;
				SWIFT_VERSION = 5.0;
				TARGETED_DEVICE_FAMILY = "1,2";
				TEST_TARGET_NAME = weatherApp;
			};
			name = Debug;
		};
		F88DCF4828E2B57A00FC3BCB /* Release */ = {
			isa = XCBuildConfiguration;
			buildSettings = {
				ALWAYS_EMBED_SWIFT_STANDARD_LIBRARIES = YES;
				CODE_SIGN_STYLE = Automatic;
				CURRENT_PROJECT_VERSION = 1;
				DEVELOPMENT_TEAM = 4G47XHXXQX;
				GENERATE_INFOPLIST_FILE = YES;
				MARKETING_VERSION = 1.0;
				PRODUCT_BUNDLE_IDENTIFIER = fastCampus.co.kr.weatherAppUITests;
				PRODUCT_NAME = "$(TARGET_NAME)";
				SWIFT_EMIT_LOC_STRINGS = NO;
				SWIFT_VERSION = 5.0;
				TARGETED_DEVICE_FAMILY = "1,2";
				TEST_TARGET_NAME = weatherApp;
			};
			name = Release;
		};
/* End XCBuildConfiguration section */

/* Begin XCConfigurationList section */
		F88DCF1128E2B57900FC3BCB /* Build configuration list for PBXProject "weatherApp" */ = {
			isa = XCConfigurationList;
			buildConfigurations = (
				F88DCF3E28E2B57A00FC3BCB /* Debug */,
				F88DCF3F28E2B57A00FC3BCB /* Release */,
			);
			defaultConfigurationIsVisible = 0;
			defaultConfigurationName = Release;
		};
		F88DCF4028E2B57A00FC3BCB /* Build configuration list for PBXNativeTarget "weatherApp" */ = {
			isa = XCConfigurationList;
			buildConfigurations = (
				F88DCF4128E2B57A00FC3BCB /* Debug */,
				F88DCF4228E2B57A00FC3BCB /* Release */,
			);
			defaultConfigurationIsVisible = 0;
			defaultConfigurationName = Release;
		};
		F88DCF4328E2B57A00FC3BCB /* Build configuration list for PBXNativeTarget "weatherAppTests" */ = {
			isa = XCConfigurationList;
			buildConfigurations = (
				F88DCF4428E2B57A00FC3BCB /* Debug */,
				F88DCF4528E2B57A00FC3BCB /* Release */,
			);
			defaultConfigurationIsVisible = 0;
			defaultConfigurationName = Release;
		};
		F88DCF4628E2B57A00FC3BCB /* Build configuration list for PBXNativeTarget "weatherAppUITests" */ = {
			isa = XCConfigurationList;
			buildConfigurations = (
				F88DCF4728E2B57A00FC3BCB /* Debug */,
				F88DCF4828E2B57A00FC3BCB /* Release */,
			);
			defaultConfigurationIsVisible = 0;
			defaultConfigurationName = Release;
		};
/* End XCConfigurationList section */
	};
	rootObject = F88DCF0E28E2B57900FC3BCB /* Project object */;
}
